// !$*UTF8*$!
{
	archiveVersion = 1;
	classes = {
	};
	objectVersion = 48;
	objects = {

/* Begin PBXBuildFile section */
		B1289AB91FEF1BC000996D8E /* AppDelegate.swift in Sources */ = {isa = PBXBuildFile; fileRef = B1289AB81FEF1BC000996D8E /* AppDelegate.swift */; };
		B1289AC01FEF1BC000996D8E /* Assets.xcassets in Resources */ = {isa = PBXBuildFile; fileRef = B1289ABF1FEF1BC000996D8E /* Assets.xcassets */; };
		B1289AC31FEF1BC000996D8E /* LaunchScreen.storyboard in Resources */ = {isa = PBXBuildFile; fileRef = B1289AC11FEF1BC000996D8E /* LaunchScreen.storyboard */; };
		B1289ACC1FEF1F7D00996D8E /* LoginViewController.swift in Sources */ = {isa = PBXBuildFile; fileRef = B1289ACB1FEF1F7D00996D8E /* LoginViewController.swift */; };
		B1289AD31FEF2E8200996D8E /* ApiEndpoint.swift in Sources */ = {isa = PBXBuildFile; fileRef = B1289AD21FEF2E8200996D8E /* ApiEndpoint.swift */; };
		B1289AD61FEF391000996D8E /* GetStudentLocationsResponse.json in Resources */ = {isa = PBXBuildFile; fileRef = B1289AD51FEF391000996D8E /* GetStudentLocationsResponse.json */; };
		B1289AD91FEF449A00996D8E /* GetStudentLocationsRequest.swift in Sources */ = {isa = PBXBuildFile; fileRef = B1289AD81FEF449A00996D8E /* GetStudentLocationsRequest.swift */; };
		B1289ADC1FEF4A9600996D8E /* Request.swift in Sources */ = {isa = PBXBuildFile; fileRef = B1289ADB1FEF4A9600996D8E /* Request.swift */; };
		B1289ADE1FEF505600996D8E /* StudentResults.swift in Sources */ = {isa = PBXBuildFile; fileRef = B1289ADD1FEF505600996D8E /* StudentResults.swift */; };
		B1289AE01FEF510E00996D8E /* DateFormats.swift in Sources */ = {isa = PBXBuildFile; fileRef = B1289ADF1FEF510E00996D8E /* DateFormats.swift */; };
		B1289AE31FEF52D300996D8E /* StudentResult.swift in Sources */ = {isa = PBXBuildFile; fileRef = B1289AE21FEF52D300996D8E /* StudentResult.swift */; };
		B1289AE51FEF5D1C00996D8E /* LoginViewController.storyboard in Resources */ = {isa = PBXBuildFile; fileRef = B1289AE41FEF5D1C00996D8E /* LoginViewController.storyboard */; };
		B1289AE71FEF63F800996D8E /* GetSingleStudentRequest.swift in Sources */ = {isa = PBXBuildFile; fileRef = B1289AE61FEF63F800996D8E /* GetSingleStudentRequest.swift */; };
		B1289AE91FEF64EB00996D8E /* GetSingleStudentResponse.json in Resources */ = {isa = PBXBuildFile; fileRef = B1289AE81FEF64EB00996D8E /* GetSingleStudentResponse.json */; };
		B1289AED1FEF6ED700996D8E /* NewStudentLocation.swift in Sources */ = {isa = PBXBuildFile; fileRef = B1289AEC1FEF6ED700996D8E /* NewStudentLocation.swift */; };
		B1289AEF1FEF74A600996D8E /* NewStudentLocationRequest.swift in Sources */ = {isa = PBXBuildFile; fileRef = B1289AEE1FEF74A600996D8E /* NewStudentLocationRequest.swift */; };
		B1289AF11FF00ADA00996D8E /* EditStudentLocationRequest.swift in Sources */ = {isa = PBXBuildFile; fileRef = B1289AF01FF00ADA00996D8E /* EditStudentLocationRequest.swift */; };
		B1289AF31FF0273800996D8E /* GetSessionIdRequest.swift in Sources */ = {isa = PBXBuildFile; fileRef = B1289AF21FF0273800996D8E /* GetSessionIdRequest.swift */; };
		B1289AF51FF0284100996D8E /* UdacitySession.swift in Sources */ = {isa = PBXBuildFile; fileRef = B1289AF41FF0284100996D8E /* UdacitySession.swift */; };
		B1289AF91FF0290F00996D8E /* GetSessionIdResponse.json in Resources */ = {isa = PBXBuildFile; fileRef = B1289AF81FF0290F00996D8E /* GetSessionIdResponse.json */; };
/* End PBXBuildFile section */

/* Begin PBXFileReference section */
		B1289AB51FEF1BC000996D8E /* OnTheMap.app */ = {isa = PBXFileReference; explicitFileType = wrapper.application; includeInIndex = 0; path = OnTheMap.app; sourceTree = BUILT_PRODUCTS_DIR; };
		B1289AB81FEF1BC000996D8E /* AppDelegate.swift */ = {isa = PBXFileReference; lastKnownFileType = sourcecode.swift; path = AppDelegate.swift; sourceTree = "<group>"; };
		B1289ABF1FEF1BC000996D8E /* Assets.xcassets */ = {isa = PBXFileReference; lastKnownFileType = folder.assetcatalog; path = Assets.xcassets; sourceTree = "<group>"; };
		B1289AC21FEF1BC000996D8E /* Base */ = {isa = PBXFileReference; lastKnownFileType = file.storyboard; name = Base; path = Base.lproj/LaunchScreen.storyboard; sourceTree = "<group>"; };
		B1289AC41FEF1BC000996D8E /* Info.plist */ = {isa = PBXFileReference; lastKnownFileType = text.plist.xml; path = Info.plist; sourceTree = "<group>"; };
		B1289ACB1FEF1F7D00996D8E /* LoginViewController.swift */ = {isa = PBXFileReference; lastKnownFileType = sourcecode.swift; path = LoginViewController.swift; sourceTree = "<group>"; };
		B1289AD21FEF2E8200996D8E /* ApiEndpoint.swift */ = {isa = PBXFileReference; lastKnownFileType = sourcecode.swift; path = ApiEndpoint.swift; sourceTree = "<group>"; };
		B1289AD51FEF391000996D8E /* GetStudentLocationsResponse.json */ = {isa = PBXFileReference; fileEncoding = 4; lastKnownFileType = text.json; path = GetStudentLocationsResponse.json; sourceTree = "<group>"; };
		B1289AD81FEF449A00996D8E /* GetStudentLocationsRequest.swift */ = {isa = PBXFileReference; lastKnownFileType = sourcecode.swift; path = GetStudentLocationsRequest.swift; sourceTree = "<group>"; };
		B1289ADB1FEF4A9600996D8E /* Request.swift */ = {isa = PBXFileReference; lastKnownFileType = sourcecode.swift; path = Request.swift; sourceTree = "<group>"; };
		B1289ADD1FEF505600996D8E /* StudentResults.swift */ = {isa = PBXFileReference; lastKnownFileType = sourcecode.swift; path = StudentResults.swift; sourceTree = "<group>"; };
		B1289ADF1FEF510E00996D8E /* DateFormats.swift */ = {isa = PBXFileReference; lastKnownFileType = sourcecode.swift; path = DateFormats.swift; sourceTree = "<group>"; };
		B1289AE21FEF52D300996D8E /* StudentResult.swift */ = {isa = PBXFileReference; lastKnownFileType = sourcecode.swift; path = StudentResult.swift; sourceTree = "<group>"; };
		B1289AE41FEF5D1C00996D8E /* LoginViewController.storyboard */ = {isa = PBXFileReference; lastKnownFileType = file.storyboard; path = LoginViewController.storyboard; sourceTree = "<group>"; };
		B1289AE61FEF63F800996D8E /* GetSingleStudentRequest.swift */ = {isa = PBXFileReference; lastKnownFileType = sourcecode.swift; path = GetSingleStudentRequest.swift; sourceTree = "<group>"; };
		B1289AE81FEF64EB00996D8E /* GetSingleStudentResponse.json */ = {isa = PBXFileReference; fileEncoding = 4; lastKnownFileType = text.json; path = GetSingleStudentResponse.json; sourceTree = "<group>"; };
		B1289AEC1FEF6ED700996D8E /* NewStudentLocation.swift */ = {isa = PBXFileReference; lastKnownFileType = sourcecode.swift; path = NewStudentLocation.swift; sourceTree = "<group>"; };
		B1289AEE1FEF74A600996D8E /* NewStudentLocationRequest.swift */ = {isa = PBXFileReference; lastKnownFileType = sourcecode.swift; path = NewStudentLocationRequest.swift; sourceTree = "<group>"; };
		B1289AF01FF00ADA00996D8E /* EditStudentLocationRequest.swift */ = {isa = PBXFileReference; lastKnownFileType = sourcecode.swift; path = EditStudentLocationRequest.swift; sourceTree = "<group>"; };
		B1289AF21FF0273800996D8E /* GetSessionIdRequest.swift */ = {isa = PBXFileReference; lastKnownFileType = sourcecode.swift; path = GetSessionIdRequest.swift; sourceTree = "<group>"; };
		B1289AF41FF0284100996D8E /* UdacitySession.swift */ = {isa = PBXFileReference; lastKnownFileType = sourcecode.swift; path = UdacitySession.swift; sourceTree = "<group>"; };
		B1289AF81FF0290F00996D8E /* GetSessionIdResponse.json */ = {isa = PBXFileReference; fileEncoding = 4; lastKnownFileType = text.json; path = GetSessionIdResponse.json; sourceTree = "<group>"; };
/* End PBXFileReference section */

/* Begin PBXFrameworksBuildPhase section */
		B1289AB21FEF1BC000996D8E /* Frameworks */ = {
			isa = PBXFrameworksBuildPhase;
			buildActionMask = 2147483647;
			files = (
			);
			runOnlyForDeploymentPostprocessing = 0;
		};
/* End PBXFrameworksBuildPhase section */

/* Begin PBXGroup section */
		B1289AAC1FEF1BC000996D8E = {
			isa = PBXGroup;
			children = (
				B1289AB71FEF1BC000996D8E /* OnTheMap */,
				B1289AB61FEF1BC000996D8E /* Products */,
			);
			sourceTree = "<group>";
		};
		B1289AB61FEF1BC000996D8E /* Products */ = {
			isa = PBXGroup;
			children = (
				B1289AB51FEF1BC000996D8E /* OnTheMap.app */,
			);
			name = Products;
			sourceTree = "<group>";
		};
		B1289AB71FEF1BC000996D8E /* OnTheMap */ = {
			isa = PBXGroup;
			children = (
				B1289ACD1FEF2DB700996D8E /* API */,
				B1289ACE1FEF2DBF00996D8E /* Models */,
				B1289ACA1FEF1F6000996D8E /* Controllers */,
				B1289AB81FEF1BC000996D8E /* AppDelegate.swift */,
				B1289ABF1FEF1BC000996D8E /* Assets.xcassets */,
				B1289AC11FEF1BC000996D8E /* LaunchScreen.storyboard */,
				B1289AC41FEF1BC000996D8E /* Info.plist */,
			);
			path = OnTheMap;
			sourceTree = "<group>";
		};
		B1289ACA1FEF1F6000996D8E /* Controllers */ = {
			isa = PBXGroup;
			children = (
				B1289ACB1FEF1F7D00996D8E /* LoginViewController.swift */,
				B1289AE41FEF5D1C00996D8E /* LoginViewController.storyboard */,
			);
			path = Controllers;
			sourceTree = "<group>";
		};
		B1289ACD1FEF2DB700996D8E /* API */ = {
			isa = PBXGroup;
			children = (
				B1289AE11FEF52C000996D8E /* Util */,
				B1289ADA1FEF48CC00996D8E /* Endpoints */,
				B1289AD71FEF447900996D8E /* Request */,
				B1289AD41FEF390600996D8E /* Json Response */,
			);
			path = API;
			sourceTree = "<group>";
		};
		B1289ACE1FEF2DBF00996D8E /* Models */ = {
			isa = PBXGroup;
			children = (
				B1289AEB1FEF6EA400996D8E /* Request */,
				B1289AEA1FEF6E9A00996D8E /* Response */,
			);
			path = Models;
			sourceTree = "<group>";
		};
		B1289AD41FEF390600996D8E /* Json Response */ = {
			isa = PBXGroup;
			children = (
				B1289AD51FEF391000996D8E /* GetStudentLocationsResponse.json */,
				B1289AE81FEF64EB00996D8E /* GetSingleStudentResponse.json */,
				B1289AF81FF0290F00996D8E /* GetSessionIdResponse.json */,
			);
			path = "Json Response";
			sourceTree = "<group>";
		};
		B1289AD71FEF447900996D8E /* Request */ = {
			isa = PBXGroup;
			children = (
				B1289ADB1FEF4A9600996D8E /* Request.swift */,
				B1289AD81FEF449A00996D8E /* GetStudentLocationsRequest.swift */,
				B1289AE61FEF63F800996D8E /* GetSingleStudentRequest.swift */,
				B1289AEE1FEF74A600996D8E /* NewStudentLocationRequest.swift */,
				B1289AF01FF00ADA00996D8E /* EditStudentLocationRequest.swift */,
				B1289AF21FF0273800996D8E /* GetSessionIdRequest.swift */,
			);
			path = Request;
			sourceTree = "<group>";
		};
		B1289ADA1FEF48CC00996D8E /* Endpoints */ = {
			isa = PBXGroup;
			children = (
				B1289AD21FEF2E8200996D8E /* ApiEndpoint.swift */,
			);
			path = Endpoints;
			sourceTree = "<group>";
		};
		B1289AE11FEF52C000996D8E /* Util */ = {
			isa = PBXGroup;
			children = (
				B1289ADF1FEF510E00996D8E /* DateFormats.swift */,
			);
			path = Util;
			sourceTree = "<group>";
		};
		B1289AEA1FEF6E9A00996D8E /* Response */ = {
			isa = PBXGroup;
			children = (
				B1289ADD1FEF505600996D8E /* StudentResults.swift */,
				B1289AE21FEF52D300996D8E /* StudentResult.swift */,
				B1289AF41FF0284100996D8E /* UdacitySession.swift */,
			);
			path = Response;
			sourceTree = "<group>";
		};
		B1289AEB1FEF6EA400996D8E /* Request */ = {
			isa = PBXGroup;
			children = (
				B1289AEC1FEF6ED700996D8E /* NewStudentLocation.swift */,
			);
			path = Request;
			sourceTree = "<group>";
		};
/* End PBXGroup section */

/* Begin PBXNativeTarget section */
		B1289AB41FEF1BC000996D8E /* OnTheMap */ = {
			isa = PBXNativeTarget;
			buildConfigurationList = B1289AC71FEF1BC000996D8E /* Build configuration list for PBXNativeTarget "OnTheMap" */;
			buildPhases = (
				B1289AB11FEF1BC000996D8E /* Sources */,
				B1289AB21FEF1BC000996D8E /* Frameworks */,
				B1289AB31FEF1BC000996D8E /* Resources */,
			);
			buildRules = (
			);
			dependencies = (
			);
			name = OnTheMap;
			productName = OnTheMap;
			productReference = B1289AB51FEF1BC000996D8E /* OnTheMap.app */;
			productType = "com.apple.product-type.application";
		};
/* End PBXNativeTarget section */

/* Begin PBXProject section */
		B1289AAD1FEF1BC000996D8E /* Project object */ = {
			isa = PBXProject;
			attributes = {
				LastSwiftUpdateCheck = 0920;
				LastUpgradeCheck = 0920;
				ORGANIZATIONNAME = "Rigoberto Sáenz Imbacuán";
				TargetAttributes = {
					B1289AB41FEF1BC000996D8E = {
						CreatedOnToolsVersion = 9.2;
						ProvisioningStyle = Automatic;
					};
				};
			};
			buildConfigurationList = B1289AB01FEF1BC000996D8E /* Build configuration list for PBXProject "OnTheMap" */;
			compatibilityVersion = "Xcode 8.0";
			developmentRegion = en;
			hasScannedForEncodings = 0;
			knownRegions = (
				en,
				Base,
			);
			mainGroup = B1289AAC1FEF1BC000996D8E;
			productRefGroup = B1289AB61FEF1BC000996D8E /* Products */;
			projectDirPath = "";
			projectRoot = "";
			targets = (
				B1289AB41FEF1BC000996D8E /* OnTheMap */,
			);
		};
/* End PBXProject section */

/* Begin PBXResourcesBuildPhase section */
		B1289AB31FEF1BC000996D8E /* Resources */ = {
			isa = PBXResourcesBuildPhase;
			buildActionMask = 2147483647;
			files = (
				B1289AC31FEF1BC000996D8E /* LaunchScreen.storyboard in Resources */,
				B1289AC01FEF1BC000996D8E /* Assets.xcassets in Resources */,
				B1289AE51FEF5D1C00996D8E /* LoginViewController.storyboard in Resources */,
				B1289AF91FF0290F00996D8E /* GetSessionIdResponse.json in Resources */,
				B1289AE91FEF64EB00996D8E /* GetSingleStudentResponse.json in Resources */,
				B1289AD61FEF391000996D8E /* GetStudentLocationsResponse.json in Resources */,
			);
			runOnlyForDeploymentPostprocessing = 0;
		};
/* End PBXResourcesBuildPhase section */

/* Begin PBXSourcesBuildPhase section */
		B1289AB11FEF1BC000996D8E /* Sources */ = {
			isa = PBXSourcesBuildPhase;
			buildActionMask = 2147483647;
			files = (
				B1289AE01FEF510E00996D8E /* DateFormats.swift in Sources */,
				B1289ADE1FEF505600996D8E /* StudentResults.swift in Sources */,
				B1289AE31FEF52D300996D8E /* StudentResult.swift in Sources */,
				B1289AD91FEF449A00996D8E /* GetStudentLocationsRequest.swift in Sources */,
				B1289ACC1FEF1F7D00996D8E /* LoginViewController.swift in Sources */,
				B1289AF31FF0273800996D8E /* GetSessionIdRequest.swift in Sources */,
				B1289AF11FF00ADA00996D8E /* EditStudentLocationRequest.swift in Sources */,
				B1289AB91FEF1BC000996D8E /* AppDelegate.swift in Sources */,
				B1289AF51FF0284100996D8E /* UdacitySession.swift in Sources */,
				B1289ADC1FEF4A9600996D8E /* Request.swift in Sources */,
				B1289AED1FEF6ED700996D8E /* NewStudentLocation.swift in Sources */,
				B1289AE71FEF63F800996D8E /* GetSingleStudentRequest.swift in Sources */,
				B1289AEF1FEF74A600996D8E /* NewStudentLocationRequest.swift in Sources */,
				B1289AD31FEF2E8200996D8E /* ApiEndpoint.swift in Sources */,
			);
			runOnlyForDeploymentPostprocessing = 0;
		};
/* End PBXSourcesBuildPhase section */

/* Begin PBXVariantGroup section */
		B1289AC11FEF1BC000996D8E /* LaunchScreen.storyboard */ = {
			isa = PBXVariantGroup;
			children = (
				B1289AC21FEF1BC000996D8E /* Base */,
			);
			name = LaunchScreen.storyboard;
			sourceTree = "<group>";
		};
/* End PBXVariantGroup section */

/* Begin XCBuildConfiguration section */
		B1289AC51FEF1BC000996D8E /* Debug */ = {
			isa = XCBuildConfiguration;
			buildSettings = {
				ALWAYS_SEARCH_USER_PATHS = NO;
				CLANG_ANALYZER_NONNULL = YES;
				CLANG_ANALYZER_NUMBER_OBJECT_CONVERSION = YES_AGGRESSIVE;
				CLANG_CXX_LANGUAGE_STANDARD = "gnu++14";
				CLANG_CXX_LIBRARY = "libc++";
				CLANG_ENABLE_MODULES = YES;
				CLANG_ENABLE_OBJC_ARC = YES;
				CLANG_WARN_BLOCK_CAPTURE_AUTORELEASING = YES;
				CLANG_WARN_BOOL_CONVERSION = YES;
				CLANG_WARN_COMMA = YES;
				CLANG_WARN_CONSTANT_CONVERSION = YES;
				CLANG_WARN_DIRECT_OBJC_ISA_USAGE = YES_ERROR;
				CLANG_WARN_DOCUMENTATION_COMMENTS = YES;
				CLANG_WARN_EMPTY_BODY = YES;
				CLANG_WARN_ENUM_CONVERSION = YES;
				CLANG_WARN_INFINITE_RECURSION = YES;
				CLANG_WARN_INT_CONVERSION = YES;
				CLANG_WARN_NON_LITERAL_NULL_CONVERSION = YES;
				CLANG_WARN_OBJC_LITERAL_CONVERSION = YES;
				CLANG_WARN_OBJC_ROOT_CLASS = YES_ERROR;
				CLANG_WARN_RANGE_LOOP_ANALYSIS = YES;
				CLANG_WARN_STRICT_PROTOTYPES = YES;
				CLANG_WARN_SUSPICIOUS_MOVE = YES;
				CLANG_WARN_UNGUARDED_AVAILABILITY = YES_AGGRESSIVE;
				CLANG_WARN_UNREACHABLE_CODE = YES;
				CLANG_WARN__DUPLICATE_METHOD_MATCH = YES;
				CODE_SIGN_IDENTITY = "iPhone Developer";
				COPY_PHASE_STRIP = NO;
				DEBUG_INFORMATION_FORMAT = dwarf;
				ENABLE_STRICT_OBJC_MSGSEND = YES;
				ENABLE_TESTABILITY = YES;
				GCC_C_LANGUAGE_STANDARD = gnu11;
				GCC_DYNAMIC_NO_PIC = NO;
				GCC_NO_COMMON_BLOCKS = YES;
				GCC_OPTIMIZATION_LEVEL = 0;
				GCC_PREPROCESSOR_DEFINITIONS = (
					"DEBUG=1",
					"$(inherited)",
				);
				GCC_WARN_64_TO_32_BIT_CONVERSION = YES;
				GCC_WARN_ABOUT_RETURN_TYPE = YES_ERROR;
				GCC_WARN_UNDECLARED_SELECTOR = YES;
				GCC_WARN_UNINITIALIZED_AUTOS = YES_AGGRESSIVE;
				GCC_WARN_UNUSED_FUNCTION = YES;
				GCC_WARN_UNUSED_VARIABLE = YES;
				IPHONEOS_DEPLOYMENT_TARGET = 11.2;
				MTL_ENABLE_DEBUG_INFO = YES;
				ONLY_ACTIVE_ARCH = YES;
				SDKROOT = iphoneos;
				SWIFT_ACTIVE_COMPILATION_CONDITIONS = DEBUG;
				SWIFT_OPTIMIZATION_LEVEL = "-Onone";
			};
			name = Debug;
		};
		B1289AC61FEF1BC000996D8E /* Release */ = {
			isa = XCBuildConfiguration;
			buildSettings = {
				ALWAYS_SEARCH_USER_PATHS = NO;
				CLANG_ANALYZER_NONNULL = YES;
				CLANG_ANALYZER_NUMBER_OBJECT_CONVERSION = YES_AGGRESSIVE;
				CLANG_CXX_LANGUAGE_STANDARD = "gnu++14";
				CLANG_CXX_LIBRARY = "libc++";
				CLANG_ENABLE_MODULES = YES;
				CLANG_ENABLE_OBJC_ARC = YES;
				CLANG_WARN_BLOCK_CAPTURE_AUTORELEASING = YES;
				CLANG_WARN_BOOL_CONVERSION = YES;
				CLANG_WARN_COMMA = YES;
				CLANG_WARN_CONSTANT_CONVERSION = YES;
				CLANG_WARN_DIRECT_OBJC_ISA_USAGE = YES_ERROR;
				CLANG_WARN_DOCUMENTATION_COMMENTS = YES;
				CLANG_WARN_EMPTY_BODY = YES;
				CLANG_WARN_ENUM_CONVERSION = YES;
				CLANG_WARN_INFINITE_RECURSION = YES;
				CLANG_WARN_INT_CONVERSION = YES;
				CLANG_WARN_NON_LITERAL_NULL_CONVERSION = YES;
				CLANG_WARN_OBJC_LITERAL_CONVERSION = YES;
				CLANG_WARN_OBJC_ROOT_CLASS = YES_ERROR;
				CLANG_WARN_RANGE_LOOP_ANALYSIS = YES;
				CLANG_WARN_STRICT_PROTOTYPES = YES;
				CLANG_WARN_SUSPICIOUS_MOVE = YES;
				CLANG_WARN_UNGUARDED_AVAILABILITY = YES_AGGRESSIVE;
				CLANG_WARN_UNREACHABLE_CODE = YES;
				CLANG_WARN__DUPLICATE_METHOD_MATCH = YES;
				CODE_SIGN_IDENTITY = "iPhone Developer";
				COPY_PHASE_STRIP = NO;
				DEBUG_INFORMATION_FORMAT = "dwarf-with-dsym";
				ENABLE_NS_ASSERTIONS = NO;
				ENABLE_STRICT_OBJC_MSGSEND = YES;
				GCC_C_LANGUAGE_STANDARD = gnu11;
				GCC_NO_COMMON_BLOCKS = YES;
				GCC_WARN_64_TO_32_BIT_CONVERSION = YES;
				GCC_WARN_ABOUT_RETURN_TYPE = YES_ERROR;
				GCC_WARN_UNDECLARED_SELECTOR = YES;
				GCC_WARN_UNINITIALIZED_AUTOS = YES_AGGRESSIVE;
				GCC_WARN_UNUSED_FUNCTION = YES;
				GCC_WARN_UNUSED_VARIABLE = YES;
				IPHONEOS_DEPLOYMENT_TARGET = 11.2;
				MTL_ENABLE_DEBUG_INFO = NO;
				SDKROOT = iphoneos;
				SWIFT_OPTIMIZATION_LEVEL = "-Owholemodule";
				VALIDATE_PRODUCT = YES;
			};
			name = Release;
		};
		B1289AC81FEF1BC000996D8E /* Debug */ = {
			isa = XCBuildConfiguration;
			buildSettings = {
				ASSETCATALOG_COMPILER_APPICON_NAME = AppIcon;
				CODE_SIGN_STYLE = Automatic;
				DEVELOPMENT_TEAM = 58YKL7WW5K;
				INFOPLIST_FILE = OnTheMap/Info.plist;
				LD_RUNPATH_SEARCH_PATHS = "$(inherited) @executable_path/Frameworks";
				PRODUCT_BUNDLE_IDENTIFIER = com.rigobertosaenz.OnTheMap;
				PRODUCT_NAME = "$(TARGET_NAME)";
				SWIFT_VERSION = 4.0;
				TARGETED_DEVICE_FAMILY = "1,2";
			};
			name = Debug;
		};
		B1289AC91FEF1BC000996D8E /* Release */ = {
			isa = XCBuildConfiguration;
			buildSettings = {
				ASSETCATALOG_COMPILER_APPICON_NAME = AppIcon;
				CODE_SIGN_STYLE = Automatic;
				DEVELOPMENT_TEAM = 58YKL7WW5K;
				INFOPLIST_FILE = OnTheMap/Info.plist;
				LD_RUNPATH_SEARCH_PATHS = "$(inherited) @executable_path/Frameworks";
				PRODUCT_BUNDLE_IDENTIFIER = com.rigobertosaenz.OnTheMap;
				PRODUCT_NAME = "$(TARGET_NAME)";
				SWIFT_VERSION = 4.0;
				TARGETED_DEVICE_FAMILY = "1,2";
			};
			name = Release;
		};
/* End XCBuildConfiguration section */

/* Begin XCConfigurationList section */
		B1289AB01FEF1BC000996D8E /* Build configuration list for PBXProject "OnTheMap" */ = {
			isa = XCConfigurationList;
			buildConfigurations = (
				B1289AC51FEF1BC000996D8E /* Debug */,
				B1289AC61FEF1BC000996D8E /* Release */,
			);
			defaultConfigurationIsVisible = 0;
			defaultConfigurationName = Release;
		};
		B1289AC71FEF1BC000996D8E /* Build configuration list for PBXNativeTarget "OnTheMap" */ = {
			isa = XCConfigurationList;
			buildConfigurations = (
				B1289AC81FEF1BC000996D8E /* Debug */,
				B1289AC91FEF1BC000996D8E /* Release */,
			);
			defaultConfigurationIsVisible = 0;
			defaultConfigurationName = Release;
		};
/* End XCConfigurationList section */
	};
	rootObject = B1289AAD1FEF1BC000996D8E /* Project object */;
}
